
Microsoft Visual Studio Solution File, Format Version 12.00
# Visual Studio Version 17
VisualStudioVersion = 17.4.33205.214
MinimumVisualStudioVersion = 10.0.40219.1
Project("{2150E333-8FDC-42A3-9474-1A3956D46DE8}") = "Week-1", "Week-1", "{E1124E8D-1C6F-4919-A1BE-4E75D7B7D405}"
EndProject
Project("{9A19103F-16F7-4668-BE54-9A1E7A4F7556}") = "DivisibleSumPairs", "Week-1\DivisibleSumPairs\DivisibleSumPairs.csproj", "{6F5B84E7-9C25-4858-BD7E-2FA0B201D45C}"
EndProject
Project("{9A19103F-16F7-4668-BE54-9A1E7A4F7556}") = "CamelCase", "Week-1\CamelCase\CamelCase.csproj", "{C6187774-D62D-4AE8-B9E8-F9E610CEC371}"
EndProject
Project("{9A19103F-16F7-4668-BE54-9A1E7A4F7556}") = "SparseArrays", "Week-1\SparseArrays\SparseArrays.csproj", "{27CC740B-624A-438B-B3F6-25496334710C}"
EndProject
Project("{2150E333-8FDC-42A3-9474-1A3956D46DE8}") = "Week-2", "Week-2", "{F36711C5-484F-49DA-96AF-D6FABEC6C039}"
EndProject
Project("{9A19103F-16F7-4668-BE54-9A1E7A4F7556}") = "LonelyInteger", "Week-2\LonelyInteger\LonelyInteger.csproj", "{0C224A6F-FD63-4681-91A3-2EA425DDCCAC}"
EndProject
Project("{9A19103F-16F7-4668-BE54-9A1E7A4F7556}") = "GradingStudents", "Week-2\GradingStudents\GradingStudents.csproj", "{AB92A630-8B7E-4EF9-B029-FACEB1AED19E}"
EndProject
Project("{9A19103F-16F7-4668-BE54-9A1E7A4F7556}") = "FlippingBits", "Week-2\FlippingBits\FlippingBits.csproj", "{EBA49438-AF3C-4F82-9746-02BBAC1D4F39}"
EndProject
Project("{9A19103F-16F7-4668-BE54-9A1E7A4F7556}") = "DiaginalDifference", "Week-2\DiaginalDifference\DiaginalDifference.csproj", "{8CCCBAE6-2CAF-455A-98D4-E946696BD711}"
EndProject
Project("{9A19103F-16F7-4668-BE54-9A1E7A4F7556}") = "CountingSort-1", "Week-2\CountingSort-1\CountingSort-1.csproj", "{C4CFAB42-10D0-44D1-801F-EF5FA219090C}"
EndProject
Project("{FAE04EC0-301F-11D3-BF4B-00C04F79EFBC}") = "CountingValleys", "Week-2\CountingValleys\CountingValleys.csproj", "{362245BF-B7EE-4E61-B997-DD073C0EB05F}"
EndProject
Global
	GlobalSection(SolutionConfigurationPlatforms) = preSolution
		Debug|Any CPU = Debug|Any CPU
		Release|Any CPU = Release|Any CPU
	EndGlobalSection
	GlobalSection(ProjectConfigurationPlatforms) = postSolution
		{6F5B84E7-9C25-4858-BD7E-2FA0B201D45C}.Debug|Any CPU.ActiveCfg = Debug|Any CPU
		{6F5B84E7-9C25-4858-BD7E-2FA0B201D45C}.Debug|Any CPU.Build.0 = Debug|Any CPU
		{6F5B84E7-9C25-4858-BD7E-2FA0B201D45C}.Release|Any CPU.ActiveCfg = Release|Any CPU
		{6F5B84E7-9C25-4858-BD7E-2FA0B201D45C}.Release|Any CPU.Build.0 = Release|Any CPU
		{C6187774-D62D-4AE8-B9E8-F9E610CEC371}.Debug|Any CPU.ActiveCfg = Debug|Any CPU
		{C6187774-D62D-4AE8-B9E8-F9E610CEC371}.Debug|Any CPU.Build.0 = Debug|Any CPU
		{C6187774-D62D-4AE8-B9E8-F9E610CEC371}.Release|Any CPU.ActiveCfg = Release|Any CPU
		{C6187774-D62D-4AE8-B9E8-F9E610CEC371}.Release|Any CPU.Build.0 = Release|Any CPU
		{27CC740B-624A-438B-B3F6-25496334710C}.Debug|Any CPU.ActiveCfg = Debug|Any CPU
		{27CC740B-624A-438B-B3F6-25496334710C}.Debug|Any CPU.Build.0 = Debug|Any CPU
		{27CC740B-624A-438B-B3F6-25496334710C}.Release|Any CPU.ActiveCfg = Release|Any CPU
		{27CC740B-624A-438B-B3F6-25496334710C}.Release|Any CPU.Build.0 = Release|Any CPU
		{0C224A6F-FD63-4681-91A3-2EA425DDCCAC}.Debug|Any CPU.ActiveCfg = Debug|Any CPU
		{0C224A6F-FD63-4681-91A3-2EA425DDCCAC}.Debug|Any CPU.Build.0 = Debug|Any CPU
		{0C224A6F-FD63-4681-91A3-2EA425DDCCAC}.Release|Any CPU.ActiveCfg = Release|Any CPU
		{0C224A6F-FD63-4681-91A3-2EA425DDCCAC}.Release|Any CPU.Build.0 = Release|Any CPU
		{AB92A630-8B7E-4EF9-B029-FACEB1AED19E}.Debug|Any CPU.ActiveCfg = Debug|Any CPU
		{AB92A630-8B7E-4EF9-B029-FACEB1AED19E}.Debug|Any CPU.Build.0 = Debug|Any CPU
		{AB92A630-8B7E-4EF9-B029-FACEB1AED19E}.Release|Any CPU.ActiveCfg = Release|Any CPU
		{AB92A630-8B7E-4EF9-B029-FACEB1AED19E}.Release|Any CPU.Build.0 = Release|Any CPU
		{EBA49438-AF3C-4F82-9746-02BBAC1D4F39}.Debug|Any CPU.ActiveCfg = Debug|Any CPU
		{EBA49438-AF3C-4F82-9746-02BBAC1D4F39}.Debug|Any CPU.Build.0 = Debug|Any CPU
		{EBA49438-AF3C-4F82-9746-02BBAC1D4F39}.Release|Any CPU.ActiveCfg = Release|Any CPU
		{EBA49438-AF3C-4F82-9746-02BBAC1D4F39}.Release|Any CPU.Build.0 = Release|Any CPU
		{8CCCBAE6-2CAF-455A-98D4-E946696BD711}.Debug|Any CPU.ActiveCfg = Debug|Any CPU
		{8CCCBAE6-2CAF-455A-98D4-E946696BD711}.Debug|Any CPU.Build.0 = Debug|Any CPU
		{8CCCBAE6-2CAF-455A-98D4-E946696BD711}.Release|Any CPU.ActiveCfg = Release|Any CPU
		{8CCCBAE6-2CAF-455A-98D4-E946696BD711}.Release|Any CPU.Build.0 = Release|Any CPU
		{C4CFAB42-10D0-44D1-801F-EF5FA219090C}.Debug|Any CPU.ActiveCfg = Debug|Any CPU
		{C4CFAB42-10D0-44D1-801F-EF5FA219090C}.Debug|Any CPU.Build.0 = Debug|Any CPU
		{C4CFAB42-10D0-44D1-801F-EF5FA219090C}.Release|Any CPU.ActiveCfg = Release|Any CPU
		{C4CFAB42-10D0-44D1-801F-EF5FA219090C}.Release|Any CPU.Build.0 = Release|Any CPU
		{362245BF-B7EE-4E61-B997-DD073C0EB05F}.Debug|Any CPU.ActiveCfg = Debug|Any CPU
		{362245BF-B7EE-4E61-B997-DD073C0EB05F}.Debug|Any CPU.Build.0 = Debug|Any CPU
		{362245BF-B7EE-4E61-B997-DD073C0EB05F}.Release|Any CPU.ActiveCfg = Release|Any CPU
		{362245BF-B7EE-4E61-B997-DD073C0EB05F}.Release|Any CPU.Build.0 = Release|Any CPU
	EndGlobalSection
	GlobalSection(SolutionProperties) = preSolution
		HideSolutionNode = FALSE
	EndGlobalSection
	GlobalSection(NestedProjects) = preSolution
		{6F5B84E7-9C25-4858-BD7E-2FA0B201D45C} = {E1124E8D-1C6F-4919-A1BE-4E75D7B7D405}
		{C6187774-D62D-4AE8-B9E8-F9E610CEC371} = {E1124E8D-1C6F-4919-A1BE-4E75D7B7D405}
		{27CC740B-624A-438B-B3F6-25496334710C} = {E1124E8D-1C6F-4919-A1BE-4E75D7B7D405}
		{0C224A6F-FD63-4681-91A3-2EA425DDCCAC} = {F36711C5-484F-49DA-96AF-D6FABEC6C039}
		{AB92A630-8B7E-4EF9-B029-FACEB1AED19E} = {F36711C5-484F-49DA-96AF-D6FABEC6C039}
		{EBA49438-AF3C-4F82-9746-02BBAC1D4F39} = {F36711C5-484F-49DA-96AF-D6FABEC6C039}
		{8CCCBAE6-2CAF-455A-98D4-E946696BD711} = {F36711C5-484F-49DA-96AF-D6FABEC6C039}
		{C4CFAB42-10D0-44D1-801F-EF5FA219090C} = {F36711C5-484F-49DA-96AF-D6FABEC6C039}
		{362245BF-B7EE-4E61-B997-DD073C0EB05F} = {F36711C5-484F-49DA-96AF-D6FABEC6C039}
	EndGlobalSection
	GlobalSection(ExtensibilityGlobals) = postSolution
		SolutionGuid = {8E056690-2D31-461C-95CE-3486076DA838}
	EndGlobalSection
EndGlobal
