
Microsoft Visual Studio Solution File, Format Version 12.00
# Visual Studio Version 17
VisualStudioVersion = 17.4.33205.214
MinimumVisualStudioVersion = 10.0.40219.1
Project("{2150E333-8FDC-42A3-9474-1A3956D46DE8}") = "Week-1", "Week-1", "{E1124E8D-1C6F-4919-A1BE-4E75D7B7D405}"
EndProject
Project("{9A19103F-16F7-4668-BE54-9A1E7A4F7556}") = "DivisibleSumPairs", "Week-1\DivisibleSumPairs\DivisibleSumPairs.csproj", "{6F5B84E7-9C25-4858-BD7E-2FA0B201D45C}"
EndProject
Project("{9A19103F-16F7-4668-BE54-9A1E7A4F7556}") = "CamelCase", "Week-1\CamelCase\CamelCase.csproj", "{C6187774-D62D-4AE8-B9E8-F9E610CEC371}"
EndProject
Project("{9A19103F-16F7-4668-BE54-9A1E7A4F7556}") = "SparseArrays", "Week-1\SparseArrays\SparseArrays.csproj", "{27CC740B-624A-438B-B3F6-25496334710C}"
EndProject
Project("{2150E333-8FDC-42A3-9474-1A3956D46DE8}") = "Week-2", "Week-2", "{F36711C5-484F-49DA-96AF-D6FABEC6C039}"
EndProject
Project("{9A19103F-16F7-4668-BE54-9A1E7A4F7556}") = "LonelyInteger", "Week-2\LonelyInteger\LonelyInteger.csproj", "{0C224A6F-FD63-4681-91A3-2EA425DDCCAC}"
EndProject
Project("{9A19103F-16F7-4668-BE54-9A1E7A4F7556}") = "GradingStudents", "Week-2\GradingStudents\GradingStudents.csproj", "{AB92A630-8B7E-4EF9-B029-FACEB1AED19E}"
EndProject
Project("{9A19103F-16F7-4668-BE54-9A1E7A4F7556}") = "FlippingBits", "Week-2\FlippingBits\FlippingBits.csproj", "{EBA49438-AF3C-4F82-9746-02BBAC1D4F39}"
EndProject
Project("{9A19103F-16F7-4668-BE54-9A1E7A4F7556}") = "DiaginalDifference", "Week-2\DiaginalDifference\DiaginalDifference.csproj", "{8CCCBAE6-2CAF-455A-98D4-E946696BD711}"
EndProject
Project("{9A19103F-16F7-4668-BE54-9A1E7A4F7556}") = "CountingSort-1", "Week-2\CountingSort-1\CountingSort-1.csproj", "{C4CFAB42-10D0-44D1-801F-EF5FA219090C}"
EndProject
Project("{9A19103F-16F7-4668-BE54-9A1E7A4F7556}") = "CountingValleys", "Week-2\CountingValleys\CountingValleys.csproj", "{362245BF-B7EE-4E61-B997-DD073C0EB05F}"
EndProject
Project("{9A19103F-16F7-4668-BE54-9A1E7A4F7556}") = "Pangrams", "Week-2\Pangrams\Pangrams.csproj", "{3446C6F3-F80A-4268-9F3A-4DAD23F1B328}"
EndProject
Project("{9A19103F-16F7-4668-BE54-9A1E7A4F7556}") = "MarsExploration", "Week-2\MarsExploration\MarsExploration.csproj", "{6C022D17-23BA-4B74-944F-AAA241A9A7F1}"
EndProject
Project("{9A19103F-16F7-4668-BE54-9A1E7A4F7556}") = "MockTest", "Week-2\MockTest\MockTest.csproj", "{D2825069-DA27-4286-8676-255D2AF3E51A}"
EndProject
Project("{2150E333-8FDC-42A3-9474-1A3956D46DE8}") = "Week-3", "Week-3", "{5D617C96-C578-451D-B219-240E9EFD36C2}"
EndProject
Project("{9A19103F-16F7-4668-BE54-9A1E7A4F7556}") = "PermutingTwoArrays", "Week-3\PermutingTwoArrays\PermutingTwoArrays.csproj", "{B7409BAE-18A5-496E-9DB7-582C59CA2053}"
EndProject
Project("{9A19103F-16F7-4668-BE54-9A1E7A4F7556}") = "SubarrayDivision-2", "Week-3\SubarrayDivision-2\SubarrayDivision-2.csproj", "{3F6CD466-ED11-4896-BDB4-43F9ACB4B189}"
EndProject
Project("{9A19103F-16F7-4668-BE54-9A1E7A4F7556}") = "SalesByMatch", "Week-3\SalesByMatch\SalesByMatch.csproj", "{F5BC3301-2E75-4481-AD25-1B8BC99054B4}"
EndProject
Project("{9A19103F-16F7-4668-BE54-9A1E7A4F7556}") = "MigratoryBirds", "Week-3\MigratoryBirds\MigratoryBirds.csproj", "{D4DF93C1-D379-440D-9E89-9CB70D3354BD}"
EndProject
Project("{9A19103F-16F7-4668-BE54-9A1E7A4F7556}") = "MaxPerimeterTriangle", "Week-3\MaxPerimeterTriangle\MaxPerimeterTriangle.csproj", "{A4ECDB53-D198-41D6-A859-D4988B0030FC}"
EndProject
Project("{FAE04EC0-301F-11D3-BF4B-00C04F79EFBC}") = "DrawingBook", "Week-3\DrawingBook\DrawingBook.csproj", "{45510893-E3A3-4C63-A877-647D3936B698}"
EndProject
Global
	GlobalSection(SolutionConfigurationPlatforms) = preSolution
		Debug|Any CPU = Debug|Any CPU
		Release|Any CPU = Release|Any CPU
	EndGlobalSection
	GlobalSection(ProjectConfigurationPlatforms) = postSolution
		{6F5B84E7-9C25-4858-BD7E-2FA0B201D45C}.Debug|Any CPU.ActiveCfg = Debug|Any CPU
		{6F5B84E7-9C25-4858-BD7E-2FA0B201D45C}.Debug|Any CPU.Build.0 = Debug|Any CPU
		{6F5B84E7-9C25-4858-BD7E-2FA0B201D45C}.Release|Any CPU.ActiveCfg = Release|Any CPU
		{6F5B84E7-9C25-4858-BD7E-2FA0B201D45C}.Release|Any CPU.Build.0 = Release|Any CPU
		{C6187774-D62D-4AE8-B9E8-F9E610CEC371}.Debug|Any CPU.ActiveCfg = Debug|Any CPU
		{C6187774-D62D-4AE8-B9E8-F9E610CEC371}.Debug|Any CPU.Build.0 = Debug|Any CPU
		{C6187774-D62D-4AE8-B9E8-F9E610CEC371}.Release|Any CPU.ActiveCfg = Release|Any CPU
		{C6187774-D62D-4AE8-B9E8-F9E610CEC371}.Release|Any CPU.Build.0 = Release|Any CPU
		{27CC740B-624A-438B-B3F6-25496334710C}.Debug|Any CPU.ActiveCfg = Debug|Any CPU
		{27CC740B-624A-438B-B3F6-25496334710C}.Debug|Any CPU.Build.0 = Debug|Any CPU
		{27CC740B-624A-438B-B3F6-25496334710C}.Release|Any CPU.ActiveCfg = Release|Any CPU
		{27CC740B-624A-438B-B3F6-25496334710C}.Release|Any CPU.Build.0 = Release|Any CPU
		{0C224A6F-FD63-4681-91A3-2EA425DDCCAC}.Debug|Any CPU.ActiveCfg = Debug|Any CPU
		{0C224A6F-FD63-4681-91A3-2EA425DDCCAC}.Debug|Any CPU.Build.0 = Debug|Any CPU
		{0C224A6F-FD63-4681-91A3-2EA425DDCCAC}.Release|Any CPU.ActiveCfg = Release|Any CPU
		{0C224A6F-FD63-4681-91A3-2EA425DDCCAC}.Release|Any CPU.Build.0 = Release|Any CPU
		{AB92A630-8B7E-4EF9-B029-FACEB1AED19E}.Debug|Any CPU.ActiveCfg = Debug|Any CPU
		{AB92A630-8B7E-4EF9-B029-FACEB1AED19E}.Debug|Any CPU.Build.0 = Debug|Any CPU
		{AB92A630-8B7E-4EF9-B029-FACEB1AED19E}.Release|Any CPU.ActiveCfg = Release|Any CPU
		{AB92A630-8B7E-4EF9-B029-FACEB1AED19E}.Release|Any CPU.Build.0 = Release|Any CPU
		{EBA49438-AF3C-4F82-9746-02BBAC1D4F39}.Debug|Any CPU.ActiveCfg = Debug|Any CPU
		{EBA49438-AF3C-4F82-9746-02BBAC1D4F39}.Debug|Any CPU.Build.0 = Debug|Any CPU
		{EBA49438-AF3C-4F82-9746-02BBAC1D4F39}.Release|Any CPU.ActiveCfg = Release|Any CPU
		{EBA49438-AF3C-4F82-9746-02BBAC1D4F39}.Release|Any CPU.Build.0 = Release|Any CPU
		{8CCCBAE6-2CAF-455A-98D4-E946696BD711}.Debug|Any CPU.ActiveCfg = Debug|Any CPU
		{8CCCBAE6-2CAF-455A-98D4-E946696BD711}.Debug|Any CPU.Build.0 = Debug|Any CPU
		{8CCCBAE6-2CAF-455A-98D4-E946696BD711}.Release|Any CPU.ActiveCfg = Release|Any CPU
		{8CCCBAE6-2CAF-455A-98D4-E946696BD711}.Release|Any CPU.Build.0 = Release|Any CPU
		{C4CFAB42-10D0-44D1-801F-EF5FA219090C}.Debug|Any CPU.ActiveCfg = Debug|Any CPU
		{C4CFAB42-10D0-44D1-801F-EF5FA219090C}.Debug|Any CPU.Build.0 = Debug|Any CPU
		{C4CFAB42-10D0-44D1-801F-EF5FA219090C}.Release|Any CPU.ActiveCfg = Release|Any CPU
		{C4CFAB42-10D0-44D1-801F-EF5FA219090C}.Release|Any CPU.Build.0 = Release|Any CPU
		{362245BF-B7EE-4E61-B997-DD073C0EB05F}.Debug|Any CPU.ActiveCfg = Debug|Any CPU
		{362245BF-B7EE-4E61-B997-DD073C0EB05F}.Debug|Any CPU.Build.0 = Debug|Any CPU
		{362245BF-B7EE-4E61-B997-DD073C0EB05F}.Release|Any CPU.ActiveCfg = Release|Any CPU
		{362245BF-B7EE-4E61-B997-DD073C0EB05F}.Release|Any CPU.Build.0 = Release|Any CPU
		{3446C6F3-F80A-4268-9F3A-4DAD23F1B328}.Debug|Any CPU.ActiveCfg = Debug|Any CPU
		{3446C6F3-F80A-4268-9F3A-4DAD23F1B328}.Debug|Any CPU.Build.0 = Debug|Any CPU
		{3446C6F3-F80A-4268-9F3A-4DAD23F1B328}.Release|Any CPU.ActiveCfg = Release|Any CPU
		{3446C6F3-F80A-4268-9F3A-4DAD23F1B328}.Release|Any CPU.Build.0 = Release|Any CPU
		{6C022D17-23BA-4B74-944F-AAA241A9A7F1}.Debug|Any CPU.ActiveCfg = Debug|Any CPU
		{6C022D17-23BA-4B74-944F-AAA241A9A7F1}.Debug|Any CPU.Build.0 = Debug|Any CPU
		{6C022D17-23BA-4B74-944F-AAA241A9A7F1}.Release|Any CPU.ActiveCfg = Release|Any CPU
		{6C022D17-23BA-4B74-944F-AAA241A9A7F1}.Release|Any CPU.Build.0 = Release|Any CPU
		{D2825069-DA27-4286-8676-255D2AF3E51A}.Debug|Any CPU.ActiveCfg = Debug|Any CPU
		{D2825069-DA27-4286-8676-255D2AF3E51A}.Debug|Any CPU.Build.0 = Debug|Any CPU
		{D2825069-DA27-4286-8676-255D2AF3E51A}.Release|Any CPU.ActiveCfg = Release|Any CPU
		{D2825069-DA27-4286-8676-255D2AF3E51A}.Release|Any CPU.Build.0 = Release|Any CPU
		{B7409BAE-18A5-496E-9DB7-582C59CA2053}.Debug|Any CPU.ActiveCfg = Debug|Any CPU
		{B7409BAE-18A5-496E-9DB7-582C59CA2053}.Debug|Any CPU.Build.0 = Debug|Any CPU
		{B7409BAE-18A5-496E-9DB7-582C59CA2053}.Release|Any CPU.ActiveCfg = Release|Any CPU
		{B7409BAE-18A5-496E-9DB7-582C59CA2053}.Release|Any CPU.Build.0 = Release|Any CPU
		{3F6CD466-ED11-4896-BDB4-43F9ACB4B189}.Debug|Any CPU.ActiveCfg = Debug|Any CPU
		{3F6CD466-ED11-4896-BDB4-43F9ACB4B189}.Debug|Any CPU.Build.0 = Debug|Any CPU
		{3F6CD466-ED11-4896-BDB4-43F9ACB4B189}.Release|Any CPU.ActiveCfg = Release|Any CPU
		{3F6CD466-ED11-4896-BDB4-43F9ACB4B189}.Release|Any CPU.Build.0 = Release|Any CPU
		{F5BC3301-2E75-4481-AD25-1B8BC99054B4}.Debug|Any CPU.ActiveCfg = Debug|Any CPU
		{F5BC3301-2E75-4481-AD25-1B8BC99054B4}.Debug|Any CPU.Build.0 = Debug|Any CPU
		{F5BC3301-2E75-4481-AD25-1B8BC99054B4}.Release|Any CPU.ActiveCfg = Release|Any CPU
		{F5BC3301-2E75-4481-AD25-1B8BC99054B4}.Release|Any CPU.Build.0 = Release|Any CPU
		{D4DF93C1-D379-440D-9E89-9CB70D3354BD}.Debug|Any CPU.ActiveCfg = Debug|Any CPU
		{D4DF93C1-D379-440D-9E89-9CB70D3354BD}.Debug|Any CPU.Build.0 = Debug|Any CPU
		{D4DF93C1-D379-440D-9E89-9CB70D3354BD}.Release|Any CPU.ActiveCfg = Release|Any CPU
		{D4DF93C1-D379-440D-9E89-9CB70D3354BD}.Release|Any CPU.Build.0 = Release|Any CPU
		{A4ECDB53-D198-41D6-A859-D4988B0030FC}.Debug|Any CPU.ActiveCfg = Debug|Any CPU
		{A4ECDB53-D198-41D6-A859-D4988B0030FC}.Debug|Any CPU.Build.0 = Debug|Any CPU
		{A4ECDB53-D198-41D6-A859-D4988B0030FC}.Release|Any CPU.ActiveCfg = Release|Any CPU
		{A4ECDB53-D198-41D6-A859-D4988B0030FC}.Release|Any CPU.Build.0 = Release|Any CPU
		{45510893-E3A3-4C63-A877-647D3936B698}.Debug|Any CPU.ActiveCfg = Debug|Any CPU
		{45510893-E3A3-4C63-A877-647D3936B698}.Debug|Any CPU.Build.0 = Debug|Any CPU
		{45510893-E3A3-4C63-A877-647D3936B698}.Release|Any CPU.ActiveCfg = Release|Any CPU
		{45510893-E3A3-4C63-A877-647D3936B698}.Release|Any CPU.Build.0 = Release|Any CPU
	EndGlobalSection
	GlobalSection(SolutionProperties) = preSolution
		HideSolutionNode = FALSE
	EndGlobalSection
	GlobalSection(NestedProjects) = preSolution
		{6F5B84E7-9C25-4858-BD7E-2FA0B201D45C} = {E1124E8D-1C6F-4919-A1BE-4E75D7B7D405}
		{C6187774-D62D-4AE8-B9E8-F9E610CEC371} = {E1124E8D-1C6F-4919-A1BE-4E75D7B7D405}
		{27CC740B-624A-438B-B3F6-25496334710C} = {E1124E8D-1C6F-4919-A1BE-4E75D7B7D405}
		{0C224A6F-FD63-4681-91A3-2EA425DDCCAC} = {F36711C5-484F-49DA-96AF-D6FABEC6C039}
		{AB92A630-8B7E-4EF9-B029-FACEB1AED19E} = {F36711C5-484F-49DA-96AF-D6FABEC6C039}
		{EBA49438-AF3C-4F82-9746-02BBAC1D4F39} = {F36711C5-484F-49DA-96AF-D6FABEC6C039}
		{8CCCBAE6-2CAF-455A-98D4-E946696BD711} = {F36711C5-484F-49DA-96AF-D6FABEC6C039}
		{C4CFAB42-10D0-44D1-801F-EF5FA219090C} = {F36711C5-484F-49DA-96AF-D6FABEC6C039}
		{362245BF-B7EE-4E61-B997-DD073C0EB05F} = {F36711C5-484F-49DA-96AF-D6FABEC6C039}
		{3446C6F3-F80A-4268-9F3A-4DAD23F1B328} = {F36711C5-484F-49DA-96AF-D6FABEC6C039}
		{6C022D17-23BA-4B74-944F-AAA241A9A7F1} = {F36711C5-484F-49DA-96AF-D6FABEC6C039}
		{D2825069-DA27-4286-8676-255D2AF3E51A} = {F36711C5-484F-49DA-96AF-D6FABEC6C039}
		{B7409BAE-18A5-496E-9DB7-582C59CA2053} = {5D617C96-C578-451D-B219-240E9EFD36C2}
		{3F6CD466-ED11-4896-BDB4-43F9ACB4B189} = {5D617C96-C578-451D-B219-240E9EFD36C2}
		{F5BC3301-2E75-4481-AD25-1B8BC99054B4} = {5D617C96-C578-451D-B219-240E9EFD36C2}
		{D4DF93C1-D379-440D-9E89-9CB70D3354BD} = {5D617C96-C578-451D-B219-240E9EFD36C2}
		{A4ECDB53-D198-41D6-A859-D4988B0030FC} = {5D617C96-C578-451D-B219-240E9EFD36C2}
		{45510893-E3A3-4C63-A877-647D3936B698} = {5D617C96-C578-451D-B219-240E9EFD36C2}
	EndGlobalSection
	GlobalSection(ExtensibilityGlobals) = postSolution
		SolutionGuid = {8E056690-2D31-461C-95CE-3486076DA838}
	EndGlobalSection
EndGlobal
